// !$*UTF8*$!
{
	archiveVersion = 1;
	classes = {
	};
	objectVersion = 50;
	objects = {

/* Begin PBXBuildFile section */
		F84E99E320AA2071002E46FB /* CustomTabItemView.swift in Sources */ = {isa = PBXBuildFile; fileRef = F84E99E220AA2071002E46FB /* CustomTabItemView.swift */; };
		F8BF089120A81A0800A21883 /* AppDelegate.swift in Sources */ = {isa = PBXBuildFile; fileRef = F8BF089020A81A0800A21883 /* AppDelegate.swift */; };
		F8BF089320A81A0800A21883 /* PageViewController.swift in Sources */ = {isa = PBXBuildFile; fileRef = F8BF089220A81A0800A21883 /* PageViewController.swift */; };
		F8BF089620A81A0800A21883 /* Main.storyboard in Resources */ = {isa = PBXBuildFile; fileRef = F8BF089420A81A0800A21883 /* Main.storyboard */; };
		F8BF089920A81A0800A21883 /* GreyClouds.xcdatamodeld in Sources */ = {isa = PBXBuildFile; fileRef = F8BF089720A81A0800A21883 /* GreyClouds.xcdatamodeld */; };
		F8BF089B20A81A0900A21883 /* Assets.xcassets in Resources */ = {isa = PBXBuildFile; fileRef = F8BF089A20A81A0900A21883 /* Assets.xcassets */; };
		F8BF089E20A81A0900A21883 /* LaunchScreen.storyboard in Resources */ = {isa = PBXBuildFile; fileRef = F8BF089C20A81A0900A21883 /* LaunchScreen.storyboard */; };
		F8BF08A620A81B9000A21883 /* WeatherViewController.swift in Sources */ = {isa = PBXBuildFile; fileRef = F8BF08A520A81B9000A21883 /* WeatherViewController.swift */; };
		F8BF08A820A8970000A21883 /* ForecastIO.framework in Frameworks */ = {isa = PBXBuildFile; fileRef = F8BF08A720A8970000A21883 /* ForecastIO.framework */; };
		F8D0B57320A9EFA200CDA229 /* SwipeMenuViewExtension.swift in Sources */ = {isa = PBXBuildFile; fileRef = F8D0B57220A9EFA200CDA229 /* SwipeMenuViewExtension.swift */; };
		F8D0B57520A9F1AB00CDA229 /* Forecasts.xib in Resources */ = {isa = PBXBuildFile; fileRef = F8D0B57420A9F1AB00CDA229 /* Forecasts.xib */; };
		F8D0B57720A9F47E00CDA229 /* ForecastsView.swift in Sources */ = {isa = PBXBuildFile; fileRef = F8D0B57620A9F47E00CDA229 /* ForecastsView.swift */; };
		F8D0B57F20AA13CA00CDA229 /* TabItemView.swift in Sources */ = {isa = PBXBuildFile; fileRef = F8D0B57920AA13C900CDA229 /* TabItemView.swift */; };
		F8D0B58020AA13CA00CDA229 /* TabView.swift in Sources */ = {isa = PBXBuildFile; fileRef = F8D0B57A20AA13C900CDA229 /* TabView.swift */; };
		F8D0B58220AA13CA00CDA229 /* ContentScrollView.swift in Sources */ = {isa = PBXBuildFile; fileRef = F8D0B57C20AA13CA00CDA229 /* ContentScrollView.swift */; };
		F8D0B58320AA13CA00CDA229 /* SwipeMenuViewController.swift in Sources */ = {isa = PBXBuildFile; fileRef = F8D0B57D20AA13CA00CDA229 /* SwipeMenuViewController.swift */; };
		F8D0B58420AA13CA00CDA229 /* SwipeMenuView.swift in Sources */ = {isa = PBXBuildFile; fileRef = F8D0B57E20AA13CA00CDA229 /* SwipeMenuView.swift */; };
		F8FAE3B720AB47E1002796E5 /* UIColorExtension.swift in Sources */ = {isa = PBXBuildFile; fileRef = F8FAE3B520AB47E1002796E5 /* UIColorExtension.swift */; };
		F8FAE3B820AB47E1002796E5 /* UIViewExtension.swift in Sources */ = {isa = PBXBuildFile; fileRef = F8FAE3B620AB47E1002796E5 /* UIViewExtension.swift */; };
/* End PBXBuildFile section */

/* Begin PBXFileReference section */
		F84E99E220AA2071002E46FB /* CustomTabItemView.swift */ = {isa = PBXFileReference; lastKnownFileType = sourcecode.swift; path = CustomTabItemView.swift; sourceTree = "<group>"; };
		F8BF088D20A81A0800A21883 /* GreyClouds.app */ = {isa = PBXFileReference; explicitFileType = wrapper.application; includeInIndex = 0; path = GreyClouds.app; sourceTree = BUILT_PRODUCTS_DIR; };
		F8BF089020A81A0800A21883 /* AppDelegate.swift */ = {isa = PBXFileReference; lastKnownFileType = sourcecode.swift; path = AppDelegate.swift; sourceTree = "<group>"; };
		F8BF089220A81A0800A21883 /* PageViewController.swift */ = {isa = PBXFileReference; lastKnownFileType = sourcecode.swift; path = PageViewController.swift; sourceTree = "<group>"; };
		F8BF089520A81A0800A21883 /* Base */ = {isa = PBXFileReference; lastKnownFileType = file.storyboard; name = Base; path = Base.lproj/Main.storyboard; sourceTree = "<group>"; };
		F8BF089820A81A0800A21883 /* GreyClouds.xcdatamodel */ = {isa = PBXFileReference; lastKnownFileType = wrapper.xcdatamodel; path = GreyClouds.xcdatamodel; sourceTree = "<group>"; };
		F8BF089A20A81A0900A21883 /* Assets.xcassets */ = {isa = PBXFileReference; lastKnownFileType = folder.assetcatalog; path = Assets.xcassets; sourceTree = "<group>"; };
		F8BF089D20A81A0900A21883 /* Base */ = {isa = PBXFileReference; lastKnownFileType = file.storyboard; name = Base; path = Base.lproj/LaunchScreen.storyboard; sourceTree = "<group>"; };
		F8BF089F20A81A0900A21883 /* Info.plist */ = {isa = PBXFileReference; lastKnownFileType = text.plist.xml; path = Info.plist; sourceTree = "<group>"; };
		F8BF08A520A81B9000A21883 /* WeatherViewController.swift */ = {isa = PBXFileReference; lastKnownFileType = sourcecode.swift; path = WeatherViewController.swift; sourceTree = "<group>"; };
		F8BF08A720A8970000A21883 /* ForecastIO.framework */ = {isa = PBXFileReference; lastKnownFileType = wrapper.framework; name = ForecastIO.framework; path = Carthage/Build/iOS/ForecastIO.framework; sourceTree = "<group>"; };
		F8D0B57220A9EFA200CDA229 /* SwipeMenuViewExtension.swift */ = {isa = PBXFileReference; lastKnownFileType = sourcecode.swift; path = SwipeMenuViewExtension.swift; sourceTree = "<group>"; };
		F8D0B57420A9F1AB00CDA229 /* Forecasts.xib */ = {isa = PBXFileReference; lastKnownFileType = file.xib; path = Forecasts.xib; sourceTree = "<group>"; };
		F8D0B57620A9F47E00CDA229 /* ForecastsView.swift */ = {isa = PBXFileReference; lastKnownFileType = sourcecode.swift; path = ForecastsView.swift; sourceTree = "<group>"; };
		F8D0B57920AA13C900CDA229 /* TabItemView.swift */ = {isa = PBXFileReference; fileEncoding = 4; lastKnownFileType = sourcecode.swift; path = TabItemView.swift; sourceTree = "<group>"; };
		F8D0B57A20AA13C900CDA229 /* TabView.swift */ = {isa = PBXFileReference; fileEncoding = 4; lastKnownFileType = sourcecode.swift; path = TabView.swift; sourceTree = "<group>"; };
		F8D0B57C20AA13CA00CDA229 /* ContentScrollView.swift */ = {isa = PBXFileReference; fileEncoding = 4; lastKnownFileType = sourcecode.swift; path = ContentScrollView.swift; sourceTree = "<group>"; };
		F8D0B57D20AA13CA00CDA229 /* SwipeMenuViewController.swift */ = {isa = PBXFileReference; fileEncoding = 4; lastKnownFileType = sourcecode.swift; path = SwipeMenuViewController.swift; sourceTree = "<group>"; };
		F8D0B57E20AA13CA00CDA229 /* SwipeMenuView.swift */ = {isa = PBXFileReference; fileEncoding = 4; lastKnownFileType = sourcecode.swift; path = SwipeMenuView.swift; sourceTree = "<group>"; };
		F8FAE3B520AB47E1002796E5 /* UIColorExtension.swift */ = {isa = PBXFileReference; fileEncoding = 4; lastKnownFileType = sourcecode.swift; path = UIColorExtension.swift; sourceTree = "<group>"; };
		F8FAE3B620AB47E1002796E5 /* UIViewExtension.swift */ = {isa = PBXFileReference; fileEncoding = 4; lastKnownFileType = sourcecode.swift; path = UIViewExtension.swift; sourceTree = "<group>"; };
/* End PBXFileReference section */

/* Begin PBXFrameworksBuildPhase section */
		F8BF088A20A81A0800A21883 /* Frameworks */ = {
			isa = PBXFrameworksBuildPhase;
			buildActionMask = 2147483647;
			files = (
				F8BF08A820A8970000A21883 /* ForecastIO.framework in Frameworks */,
			);
			runOnlyForDeploymentPostprocessing = 0;
		};
/* End PBXFrameworksBuildPhase section */

/* Begin PBXGroup section */
		F8BF088420A81A0800A21883 = {
			isa = PBXGroup;
			children = (
				F8BF08A720A8970000A21883 /* ForecastIO.framework */,
				F8BF088F20A81A0800A21883 /* GreyClouds */,
				F8BF088E20A81A0800A21883 /* Products */,
			);
			sourceTree = "<group>";
		};
		F8BF088E20A81A0800A21883 /* Products */ = {
			isa = PBXGroup;
			children = (
				F8BF088D20A81A0800A21883 /* GreyClouds.app */,
			);
			name = Products;
			sourceTree = "<group>";
		};
		F8BF088F20A81A0800A21883 /* GreyClouds */ = {
			isa = PBXGroup;
			children = (
				F8D0B57820AA138600CDA229 /* SwipeMenuViewController */,
				F8D0B57120A9EF8100CDA229 /* Extensions */,
				F8BF089020A81A0800A21883 /* AppDelegate.swift */,
				F8BF089220A81A0800A21883 /* PageViewController.swift */,
				F8BF089420A81A0800A21883 /* Main.storyboard */,
				F8BF08A520A81B9000A21883 /* WeatherViewController.swift */,
				F8BF089A20A81A0900A21883 /* Assets.xcassets */,
				F8BF089C20A81A0900A21883 /* LaunchScreen.storyboard */,
				F8BF089F20A81A0900A21883 /* Info.plist */,
				F8BF089720A81A0800A21883 /* GreyClouds.xcdatamodeld */,
				F8D0B57420A9F1AB00CDA229 /* Forecasts.xib */,
				F8D0B57620A9F47E00CDA229 /* ForecastsView.swift */,
				F84E99E220AA2071002E46FB /* CustomTabItemView.swift */,
			);
			path = GreyClouds;
			sourceTree = "<group>";
		};
		F8D0B57120A9EF8100CDA229 /* Extensions */ = {
			isa = PBXGroup;
			children = (
				F8D0B57220A9EFA200CDA229 /* SwipeMenuViewExtension.swift */,
			);
			path = Extensions;
			sourceTree = "<group>";
		};
		F8D0B57820AA138600CDA229 /* SwipeMenuViewController */ = {
			isa = PBXGroup;
			children = (
				F8FAE3B420AB47C6002796E5 /* Extensions */,
				F8D0B57C20AA13CA00CDA229 /* ContentScrollView.swift */,
				F8D0B57E20AA13CA00CDA229 /* SwipeMenuView.swift */,
				F8D0B57D20AA13CA00CDA229 /* SwipeMenuViewController.swift */,
				F8D0B57920AA13C900CDA229 /* TabItemView.swift */,
				F8D0B57A20AA13C900CDA229 /* TabView.swift */,
			);
			path = SwipeMenuViewController;
			sourceTree = "<group>";
		};
		F8FAE3B420AB47C6002796E5 /* Extensions */ = {
			isa = PBXGroup;
			children = (
				F8FAE3B520AB47E1002796E5 /* UIColorExtension.swift */,
				F8FAE3B620AB47E1002796E5 /* UIViewExtension.swift */,
			);
			path = Extensions;
			sourceTree = "<group>";
		};
/* End PBXGroup section */

/* Begin PBXNativeTarget section */
		F8BF088C20A81A0800A21883 /* GreyClouds */ = {
			isa = PBXNativeTarget;
			buildConfigurationList = F8BF08A220A81A0900A21883 /* Build configuration list for PBXNativeTarget "GreyClouds" */;
			buildPhases = (
				F8BF088920A81A0800A21883 /* Sources */,
				F8BF088A20A81A0800A21883 /* Frameworks */,
				F8BF088B20A81A0800A21883 /* Resources */,
				F8BF08A920A8971500A21883 /* ShellScript */,
			);
			buildRules = (
			);
			dependencies = (
			);
			name = GreyClouds;
			productName = GreyClouds;
			productReference = F8BF088D20A81A0800A21883 /* GreyClouds.app */;
			productType = "com.apple.product-type.application";
		};
/* End PBXNativeTarget section */

/* Begin PBXProject section */
		F8BF088520A81A0800A21883 /* Project object */ = {
			isa = PBXProject;
			attributes = {
				LastSwiftUpdateCheck = 0930;
				LastUpgradeCheck = 0930;
				ORGANIZATIONNAME = "Marcin Czachurski";
				TargetAttributes = {
					F8BF088C20A81A0800A21883 = {
						CreatedOnToolsVersion = 9.3;
					};
				};
			};
			buildConfigurationList = F8BF088820A81A0800A21883 /* Build configuration list for PBXProject "GreyClouds" */;
			compatibilityVersion = "Xcode 9.3";
			developmentRegion = en;
			hasScannedForEncodings = 0;
			knownRegions = (
				en,
				Base,
			);
			mainGroup = F8BF088420A81A0800A21883;
			productRefGroup = F8BF088E20A81A0800A21883 /* Products */;
			projectDirPath = "";
			projectRoot = "";
			targets = (
				F8BF088C20A81A0800A21883 /* GreyClouds */,
			);
		};
/* End PBXProject section */

/* Begin PBXResourcesBuildPhase section */
		F8BF088B20A81A0800A21883 /* Resources */ = {
			isa = PBXResourcesBuildPhase;
			buildActionMask = 2147483647;
			files = (
				F8D0B57520A9F1AB00CDA229 /* Forecasts.xib in Resources */,
				F8BF089E20A81A0900A21883 /* LaunchScreen.storyboard in Resources */,
				F8BF089B20A81A0900A21883 /* Assets.xcassets in Resources */,
				F8BF089620A81A0800A21883 /* Main.storyboard in Resources */,
			);
			runOnlyForDeploymentPostprocessing = 0;
		};
/* End PBXResourcesBuildPhase section */

/* Begin PBXShellScriptBuildPhase section */
		F8BF08A920A8971500A21883 /* ShellScript */ = {
			isa = PBXShellScriptBuildPhase;
			buildActionMask = 2147483647;
			files = (
			);
			inputPaths = (
				"$(SRCROOT)/Carthage/Build/iOS/ForecastIO.framework",
			);
			outputPaths = (
				"$(BUILT_PRODUCTS_DIR)/$(FRAMEWORKS_FOLDER_PATH)/ForecastIO.framework",
			);
			runOnlyForDeploymentPostprocessing = 0;
			shellPath = /bin/sh;
			shellScript = "/usr/local/bin/carthage copy-frameworks";
		};
/* End PBXShellScriptBuildPhase section */

/* Begin PBXSourcesBuildPhase section */
		F8BF088920A81A0800A21883 /* Sources */ = {
			isa = PBXSourcesBuildPhase;
			buildActionMask = 2147483647;
			files = (
				F8D0B57320A9EFA200CDA229 /* SwipeMenuViewExtension.swift in Sources */,
				F8D0B57F20AA13CA00CDA229 /* TabItemView.swift in Sources */,
				F8D0B58020AA13CA00CDA229 /* TabView.swift in Sources */,
				F8BF089320A81A0800A21883 /* PageViewController.swift in Sources */,
				F8FAE3B820AB47E1002796E5 /* UIViewExtension.swift in Sources */,
				F84E99E320AA2071002E46FB /* CustomTabItemView.swift in Sources */,
				F8D0B57720A9F47E00CDA229 /* ForecastsView.swift in Sources */,
				F8FAE3B720AB47E1002796E5 /* UIColorExtension.swift in Sources */,
				F8BF089920A81A0800A21883 /* GreyClouds.xcdatamodeld in Sources */,
				F8D0B58320AA13CA00CDA229 /* SwipeMenuViewController.swift in Sources */,
				F8D0B58420AA13CA00CDA229 /* SwipeMenuView.swift in Sources */,
				F8BF089120A81A0800A21883 /* AppDelegate.swift in Sources */,
				F8BF08A620A81B9000A21883 /* WeatherViewController.swift in Sources */,
				F8D0B58220AA13CA00CDA229 /* ContentScrollView.swift in Sources */,
			);
			runOnlyForDeploymentPostprocessing = 0;
		};
/* End PBXSourcesBuildPhase section */

/* Begin PBXVariantGroup section */
		F8BF089420A81A0800A21883 /* Main.storyboard */ = {
			isa = PBXVariantGroup;
			children = (
				F8BF089520A81A0800A21883 /* Base */,
			);
			name = Main.storyboard;
			sourceTree = "<group>";
		};
		F8BF089C20A81A0900A21883 /* LaunchScreen.storyboard */ = {
			isa = PBXVariantGroup;
			children = (
				F8BF089D20A81A0900A21883 /* Base */,
			);
			name = LaunchScreen.storyboard;
			sourceTree = "<group>";
		};
/* End PBXVariantGroup section */

/* Begin XCBuildConfiguration section */
		F8BF08A020A81A0900A21883 /* Debug */ = {
			isa = XCBuildConfiguration;
			buildSettings = {
				ALWAYS_SEARCH_USER_PATHS = NO;
				CLANG_ANALYZER_NONNULL = YES;
				CLANG_ANALYZER_NUMBER_OBJECT_CONVERSION = YES_AGGRESSIVE;
				CLANG_CXX_LANGUAGE_STANDARD = "gnu++14";
				CLANG_CXX_LIBRARY = "libc++";
				CLANG_ENABLE_MODULES = YES;
				CLANG_ENABLE_OBJC_ARC = YES;
				CLANG_ENABLE_OBJC_WEAK = YES;
				CLANG_WARN_BLOCK_CAPTURE_AUTORELEASING = YES;
				CLANG_WARN_BOOL_CONVERSION = YES;
				CLANG_WARN_COMMA = YES;
				CLANG_WARN_CONSTANT_CONVERSION = YES;
				CLANG_WARN_DEPRECATED_OBJC_IMPLEMENTATIONS = YES;
				CLANG_WARN_DIRECT_OBJC_ISA_USAGE = YES_ERROR;
				CLANG_WARN_DOCUMENTATION_COMMENTS = YES;
				CLANG_WARN_EMPTY_BODY = YES;
				CLANG_WARN_ENUM_CONVERSION = YES;
				CLANG_WARN_INFINITE_RECURSION = YES;
				CLANG_WARN_INT_CONVERSION = YES;
				CLANG_WARN_NON_LITERAL_NULL_CONVERSION = YES;
				CLANG_WARN_OBJC_IMPLICIT_RETAIN_SELF = YES;
				CLANG_WARN_OBJC_LITERAL_CONVERSION = YES;
				CLANG_WARN_OBJC_ROOT_CLASS = YES_ERROR;
				CLANG_WARN_RANGE_LOOP_ANALYSIS = YES;
				CLANG_WARN_STRICT_PROTOTYPES = YES;
				CLANG_WARN_SUSPICIOUS_MOVE = YES;
				CLANG_WARN_UNGUARDED_AVAILABILITY = YES_AGGRESSIVE;
				CLANG_WARN_UNREACHABLE_CODE = YES;
				CLANG_WARN__DUPLICATE_METHOD_MATCH = YES;
				CODE_SIGN_IDENTITY = "iPhone Developer";
				COPY_PHASE_STRIP = NO;
				DEBUG_INFORMATION_FORMAT = dwarf;
				ENABLE_STRICT_OBJC_MSGSEND = YES;
				ENABLE_TESTABILITY = YES;
				GCC_C_LANGUAGE_STANDARD = gnu11;
				GCC_DYNAMIC_NO_PIC = NO;
				GCC_NO_COMMON_BLOCKS = YES;
				GCC_OPTIMIZATION_LEVEL = 0;
				GCC_PREPROCESSOR_DEFINITIONS = (
					"DEBUG=1",
					"$(inherited)",
				);
				GCC_WARN_64_TO_32_BIT_CONVERSION = YES;
				GCC_WARN_ABOUT_RETURN_TYPE = YES_ERROR;
				GCC_WARN_UNDECLARED_SELECTOR = YES;
				GCC_WARN_UNINITIALIZED_AUTOS = YES_AGGRESSIVE;
				GCC_WARN_UNUSED_FUNCTION = YES;
				GCC_WARN_UNUSED_VARIABLE = YES;
				IPHONEOS_DEPLOYMENT_TARGET = 11.3;
				MTL_ENABLE_DEBUG_INFO = YES;
				ONLY_ACTIVE_ARCH = YES;
				SDKROOT = iphoneos;
				SWIFT_ACTIVE_COMPILATION_CONDITIONS = DEBUG;
				SWIFT_OPTIMIZATION_LEVEL = "-Onone";
			};
			name = Debug;
		};
		F8BF08A120A81A0900A21883 /* Release */ = {
			isa = XCBuildConfiguration;
			buildSettings = {
				ALWAYS_SEARCH_USER_PATHS = NO;
				CLANG_ANALYZER_NONNULL = YES;
				CLANG_ANALYZER_NUMBER_OBJECT_CONVERSION = YES_AGGRESSIVE;
				CLANG_CXX_LANGUAGE_STANDARD = "gnu++14";
				CLANG_CXX_LIBRARY = "libc++";
				CLANG_ENABLE_MODULES = YES;
				CLANG_ENABLE_OBJC_ARC = YES;
				CLANG_ENABLE_OBJC_WEAK = YES;
				CLANG_WARN_BLOCK_CAPTURE_AUTORELEASING = YES;
				CLANG_WARN_BOOL_CONVERSION = YES;
				CLANG_WARN_COMMA = YES;
				CLANG_WARN_CONSTANT_CONVERSION = YES;
				CLANG_WARN_DEPRECATED_OBJC_IMPLEMENTATIONS = YES;
				CLANG_WARN_DIRECT_OBJC_ISA_USAGE = YES_ERROR;
				CLANG_WARN_DOCUMENTATION_COMMENTS = YES;
				CLANG_WARN_EMPTY_BODY = YES;
				CLANG_WARN_ENUM_CONVERSION = YES;
				CLANG_WARN_INFINITE_RECURSION = YES;
				CLANG_WARN_INT_CONVERSION = YES;
				CLANG_WARN_NON_LITERAL_NULL_CONVERSION = YES;
				CLANG_WARN_OBJC_IMPLICIT_RETAIN_SELF = YES;
				CLANG_WARN_OBJC_LITERAL_CONVERSION = YES;
				CLANG_WARN_OBJC_ROOT_CLASS = YES_ERROR;
				CLANG_WARN_RANGE_LOOP_ANALYSIS = YES;
				CLANG_WARN_STRICT_PROTOTYPES = YES;
				CLANG_WARN_SUSPICIOUS_MOVE = YES;
				CLANG_WARN_UNGUARDED_AVAILABILITY = YES_AGGRESSIVE;
				CLANG_WARN_UNREACHABLE_CODE = YES;
				CLANG_WARN__DUPLICATE_METHOD_MATCH = YES;
				CODE_SIGN_IDENTITY = "iPhone Developer";
				COPY_PHASE_STRIP = NO;
				DEBUG_INFORMATION_FORMAT = "dwarf-with-dsym";
				ENABLE_NS_ASSERTIONS = NO;
				ENABLE_STRICT_OBJC_MSGSEND = YES;
				GCC_C_LANGUAGE_STANDARD = gnu11;
				GCC_NO_COMMON_BLOCKS = YES;
				GCC_WARN_64_TO_32_BIT_CONVERSION = YES;
				GCC_WARN_ABOUT_RETURN_TYPE = YES_ERROR;
				GCC_WARN_UNDECLARED_SELECTOR = YES;
				GCC_WARN_UNINITIALIZED_AUTOS = YES_AGGRESSIVE;
				GCC_WARN_UNUSED_FUNCTION = YES;
				GCC_WARN_UNUSED_VARIABLE = YES;
				IPHONEOS_DEPLOYMENT_TARGET = 11.3;
				MTL_ENABLE_DEBUG_INFO = NO;
				SDKROOT = iphoneos;
				SWIFT_COMPILATION_MODE = wholemodule;
				SWIFT_OPTIMIZATION_LEVEL = "-O";
				VALIDATE_PRODUCT = YES;
			};
			name = Release;
		};
		F8BF08A320A81A0900A21883 /* Debug */ = {
			isa = XCBuildConfiguration;
			buildSettings = {
				ASSETCATALOG_COMPILER_APPICON_NAME = AppIcon;
				CODE_SIGN_STYLE = Automatic;
				DEVELOPMENT_TEAM = 5UJ67W372Y;
				FRAMEWORK_SEARCH_PATHS = (
					"$(inherited)",
					"$(PROJECT_DIR)/Carthage/Build/iOS",
				);
				INFOPLIST_FILE = GreyClouds/Info.plist;
				LD_RUNPATH_SEARCH_PATHS = (
					"$(inherited)",
					"@executable_path/Frameworks",
				);
				PRODUCT_BUNDLE_IDENTIFIER = net.sltch.clearsky;
				PRODUCT_NAME = "$(TARGET_NAME)";
				SWIFT_VERSION = 4.0;
				TARGETED_DEVICE_FAMILY = 1;
			};
			name = Debug;
		};
		F8BF08A420A81A0900A21883 /* Release */ = {
			isa = XCBuildConfiguration;
			buildSettings = {
				ASSETCATALOG_COMPILER_APPICON_NAME = AppIcon;
				CODE_SIGN_STYLE = Automatic;
				DEVELOPMENT_TEAM = 5UJ67W372Y;
				FRAMEWORK_SEARCH_PATHS = (
					"$(inherited)",
					"$(PROJECT_DIR)/Carthage/Build/iOS",
				);
				INFOPLIST_FILE = GreyClouds/Info.plist;
				LD_RUNPATH_SEARCH_PATHS = (
					"$(inherited)",
					"@executable_path/Frameworks",
				);
				PRODUCT_BUNDLE_IDENTIFIER = net.sltch.clearsky;
				PRODUCT_NAME = "$(TARGET_NAME)";
				SWIFT_VERSION = 4.0;
				TARGETED_DEVICE_FAMILY = 1;
			};
			name = Release;
		};
/* End XCBuildConfiguration section */

/* Begin XCConfigurationList section */
		F8BF088820A81A0800A21883 /* Build configuration list for PBXProject "GreyClouds" */ = {
			isa = XCConfigurationList;
			buildConfigurations = (
				F8BF08A020A81A0900A21883 /* Debug */,
				F8BF08A120A81A0900A21883 /* Release */,
			);
			defaultConfigurationIsVisible = 0;
			defaultConfigurationName = Release;
		};
		F8BF08A220A81A0900A21883 /* Build configuration list for PBXNativeTarget "GreyClouds" */ = {
			isa = XCConfigurationList;
			buildConfigurations = (
				F8BF08A320A81A0900A21883 /* Debug */,
				F8BF08A420A81A0900A21883 /* Release */,
			);
			defaultConfigurationIsVisible = 0;
			defaultConfigurationName = Release;
		};
/* End XCConfigurationList section */

/* Begin XCVersionGroup section */
		F8BF089720A81A0800A21883 /* GreyClouds.xcdatamodeld */ = {
			isa = XCVersionGroup;
			children = (
				F8BF089820A81A0800A21883 /* GreyClouds.xcdatamodel */,
			);
			currentVersion = F8BF089820A81A0800A21883 /* GreyClouds.xcdatamodel */;
			path = GreyClouds.xcdatamodeld;
			sourceTree = "<group>";
			versionGroupType = wrapper.xcdatamodel;
		};
/* End XCVersionGroup section */
	};
	rootObject = F8BF088520A81A0800A21883 /* Project object */;
}
