// !$*UTF8*$!
{
	archiveVersion = 1;
	classes = {
	};
	objectVersion = 50;
	objects = {

/* Begin PBXBuildFile section */
		F8032D9520DEB70300D0AC22 /* SettingsTableViewController.swift in Sources */ = {isa = PBXBuildFile; fileRef = F8032D9420DEB70300D0AC22 /* SettingsTableViewController.swift */; };
		F810659520BC5F3000DCB6EE /* HourForecastTableViewCell.swift in Sources */ = {isa = PBXBuildFile; fileRef = F810659420BC5F3000DCB6EE /* HourForecastTableViewCell.swift */; };
		F810659720BC8DAE00DCB6EE /* DayDetailsTableViewCell.swift in Sources */ = {isa = PBXBuildFile; fileRef = F810659620BC8DAE00DCB6EE /* DayDetailsTableViewCell.swift */; };
		F819D6E620C300F800F0B22C /* GreyClouds.xcdatamodeld in Sources */ = {isa = PBXBuildFile; fileRef = F819D6E420C300F800F0B22C /* GreyClouds.xcdatamodeld */; };
		F819D6E820C303C900F0B22C /* CoreDataHandler.swift in Sources */ = {isa = PBXBuildFile; fileRef = F819D6E720C303C900F0B22C /* CoreDataHandler.swift */; };
		F819D6EB20C3047B00F0B22C /* PlacesHandler.swift in Sources */ = {isa = PBXBuildFile; fileRef = F819D6EA20C3047B00F0B22C /* PlacesHandler.swift */; };
		F819D6ED20C31A4000F0B22C /* ChangedPlacesDelegate.swift in Sources */ = {isa = PBXBuildFile; fileRef = F819D6EC20C31A4000F0B22C /* ChangedPlacesDelegate.swift */; };
		F819D6F020C31DDF00F0B22C /* LoadingViewController.swift in Sources */ = {isa = PBXBuildFile; fileRef = F819D6EF20C31DDF00F0B22C /* LoadingViewController.swift */; };
		F819D6F220C3245D00F0B22C /* LocationFoundedDelegate.swift in Sources */ = {isa = PBXBuildFile; fileRef = F819D6F120C3245D00F0B22C /* LocationFoundedDelegate.swift */; };
		F836B6E620C7047B00823887 /* ApperanceHandler.swift in Sources */ = {isa = PBXBuildFile; fileRef = F836B6E520C7047B00823887 /* ApperanceHandler.swift */; };
		F84E264E20DF99A700359892 /* SettingsHandler.swift in Sources */ = {isa = PBXBuildFile; fileRef = F84E264D20DF99A700359892 /* SettingsHandler.swift */; };
		F87CECD920C2E31600E80B5F /* SearchLocationTableViewCell.swift in Sources */ = {isa = PBXBuildFile; fileRef = F87CECD820C2E31600E80B5F /* SearchLocationTableViewCell.swift */; };
		F87CECDB20C2E33000E80B5F /* SearchLocationTableViewController.swift in Sources */ = {isa = PBXBuildFile; fileRef = F87CECDA20C2E33000E80B5F /* SearchLocationTableViewController.swift */; };
		F8BD66D420ADF53100114908 /* UIColor.swift in Sources */ = {isa = PBXBuildFile; fileRef = F8BD66D320ADF53100114908 /* UIColor.swift */; };
		F8BF089120A81A0800A21883 /* AppDelegate.swift in Sources */ = {isa = PBXBuildFile; fileRef = F8BF089020A81A0800A21883 /* AppDelegate.swift */; };
		F8BF089320A81A0800A21883 /* PageViewController.swift in Sources */ = {isa = PBXBuildFile; fileRef = F8BF089220A81A0800A21883 /* PageViewController.swift */; };
		F8BF089620A81A0800A21883 /* Main.storyboard in Resources */ = {isa = PBXBuildFile; fileRef = F8BF089420A81A0800A21883 /* Main.storyboard */; };
		F8BF089B20A81A0900A21883 /* Assets.xcassets in Resources */ = {isa = PBXBuildFile; fileRef = F8BF089A20A81A0900A21883 /* Assets.xcassets */; };
		F8BF089E20A81A0900A21883 /* LaunchScreen.storyboard in Resources */ = {isa = PBXBuildFile; fileRef = F8BF089C20A81A0900A21883 /* LaunchScreen.storyboard */; };
		F8BF08A620A81B9000A21883 /* WeatherViewController.swift in Sources */ = {isa = PBXBuildFile; fileRef = F8BF08A520A81B9000A21883 /* WeatherViewController.swift */; };
		F8BF08A820A8970000A21883 /* ForecastIO.framework in Frameworks */ = {isa = PBXBuildFile; fileRef = F8BF08A720A8970000A21883 /* ForecastIO.framework */; };
		F8D370A320DF734F00F1E3C4 /* IconsTableViewController.swift in Sources */ = {isa = PBXBuildFile; fileRef = F8D370A220DF734F00F1E3C4 /* IconsTableViewController.swift */; };
		F8D370A520DF744100F1E3C4 /* IconsTableViewCell.swift in Sources */ = {isa = PBXBuildFile; fileRef = F8D370A420DF744100F1E3C4 /* IconsTableViewCell.swift */; };
		F8D370A820DF783700F1E3C4 /* UnitsTableViewController.swift in Sources */ = {isa = PBXBuildFile; fileRef = F8D370A720DF783700F1E3C4 /* UnitsTableViewController.swift */; };
		F8D370AA20DF87F300F1E3C4 /* String.swift in Sources */ = {isa = PBXBuildFile; fileRef = F8D370A920DF87F300F1E3C4 /* String.swift */; };
		F8D370AC20DF895700F1E3C4 /* UITableViewController.swift in Sources */ = {isa = PBXBuildFile; fileRef = F8D370AB20DF895700F1E3C4 /* UITableViewController.swift */; };
		F8D604B320C15E0D0043D1FB /* DayStatisticsTableViewCell.swift in Sources */ = {isa = PBXBuildFile; fileRef = F8D604B220C15E0D0043D1FB /* DayStatisticsTableViewCell.swift */; };
		F8D604B620C1921A0043D1FB /* PlacesTableViewController.swift in Sources */ = {isa = PBXBuildFile; fileRef = F8D604B520C1921A0043D1FB /* PlacesTableViewController.swift */; };
		F8D604B820C199C60043D1FB /* CityTableViewCell.swift in Sources */ = {isa = PBXBuildFile; fileRef = F8D604B720C199C60043D1FB /* CityTableViewCell.swift */; };
		F8D604BA20C199D60043D1FB /* CitySettingsTableViewCell.swift in Sources */ = {isa = PBXBuildFile; fileRef = F8D604B920C199D60043D1FB /* CitySettingsTableViewCell.swift */; };
		F8E3120920DE32D000C5FBC4 /* DateFormatter.swift in Sources */ = {isa = PBXBuildFile; fileRef = F8E3120820DE32D000C5FBC4 /* DateFormatter.swift */; };
		F8E526E520C58C6F0044AFE2 /* Image.swift in Sources */ = {isa = PBXBuildFile; fileRef = F8E526E420C58C6F0044AFE2 /* Image.swift */; };
		F8E9B49E20C3B4B60067AC51 /* Localizable.strings in Resources */ = {isa = PBXBuildFile; fileRef = F8E9B4A020C3B4B60067AC51 /* Localizable.strings */; };
		F8F87A4B20B92E470020CAFA /* WeatherItemTableViewCell.swift in Sources */ = {isa = PBXBuildFile; fileRef = F8F87A4A20B92E470020CAFA /* WeatherItemTableViewCell.swift */; };
		F8F87A4D20B936110020CAFA /* Double.swift in Sources */ = {isa = PBXBuildFile; fileRef = F8F87A4C20B936110020CAFA /* Double.swift */; };
		F8F87A4F20BB05CD0020CAFA /* ForecastsTableViewController.swift in Sources */ = {isa = PBXBuildFile; fileRef = F8F87A4E20BB05CD0020CAFA /* ForecastsTableViewController.swift */; };
/* End PBXBuildFile section */

/* Begin PBXFileReference section */
		F8032D9420DEB70300D0AC22 /* SettingsTableViewController.swift */ = {isa = PBXFileReference; lastKnownFileType = sourcecode.swift; path = SettingsTableViewController.swift; sourceTree = "<group>"; };
		F810659420BC5F3000DCB6EE /* HourForecastTableViewCell.swift */ = {isa = PBXFileReference; lastKnownFileType = sourcecode.swift; path = HourForecastTableViewCell.swift; sourceTree = "<group>"; };
		F810659620BC8DAE00DCB6EE /* DayDetailsTableViewCell.swift */ = {isa = PBXFileReference; lastKnownFileType = sourcecode.swift; path = DayDetailsTableViewCell.swift; sourceTree = "<group>"; };
		F819D6E520C300F800F0B22C /* GreyClouds.xcdatamodel */ = {isa = PBXFileReference; lastKnownFileType = wrapper.xcdatamodel; path = GreyClouds.xcdatamodel; sourceTree = "<group>"; };
		F819D6E720C303C900F0B22C /* CoreDataHandler.swift */ = {isa = PBXFileReference; lastKnownFileType = sourcecode.swift; path = CoreDataHandler.swift; sourceTree = "<group>"; };
		F819D6EA20C3047B00F0B22C /* PlacesHandler.swift */ = {isa = PBXFileReference; lastKnownFileType = sourcecode.swift; path = PlacesHandler.swift; sourceTree = "<group>"; };
		F819D6EC20C31A4000F0B22C /* ChangedPlacesDelegate.swift */ = {isa = PBXFileReference; lastKnownFileType = sourcecode.swift; path = ChangedPlacesDelegate.swift; sourceTree = "<group>"; };
		F819D6EF20C31DDF00F0B22C /* LoadingViewController.swift */ = {isa = PBXFileReference; lastKnownFileType = sourcecode.swift; path = LoadingViewController.swift; sourceTree = "<group>"; };
		F819D6F120C3245D00F0B22C /* LocationFoundedDelegate.swift */ = {isa = PBXFileReference; lastKnownFileType = sourcecode.swift; path = LocationFoundedDelegate.swift; sourceTree = "<group>"; };
		F836B6E520C7047B00823887 /* ApperanceHandler.swift */ = {isa = PBXFileReference; lastKnownFileType = sourcecode.swift; path = ApperanceHandler.swift; sourceTree = "<group>"; };
		F84E264D20DF99A700359892 /* SettingsHandler.swift */ = {isa = PBXFileReference; lastKnownFileType = sourcecode.swift; path = SettingsHandler.swift; sourceTree = "<group>"; };
		F87CECD820C2E31600E80B5F /* SearchLocationTableViewCell.swift */ = {isa = PBXFileReference; lastKnownFileType = sourcecode.swift; path = SearchLocationTableViewCell.swift; sourceTree = "<group>"; };
		F87CECDA20C2E33000E80B5F /* SearchLocationTableViewController.swift */ = {isa = PBXFileReference; lastKnownFileType = sourcecode.swift; path = SearchLocationTableViewController.swift; sourceTree = "<group>"; };
		F8BD66D320ADF53100114908 /* UIColor.swift */ = {isa = PBXFileReference; lastKnownFileType = sourcecode.swift; path = UIColor.swift; sourceTree = "<group>"; };
		F8BF088D20A81A0800A21883 /* GreyClouds.app */ = {isa = PBXFileReference; explicitFileType = wrapper.application; includeInIndex = 0; path = GreyClouds.app; sourceTree = BUILT_PRODUCTS_DIR; };
		F8BF089020A81A0800A21883 /* AppDelegate.swift */ = {isa = PBXFileReference; lastKnownFileType = sourcecode.swift; path = AppDelegate.swift; sourceTree = "<group>"; };
		F8BF089220A81A0800A21883 /* PageViewController.swift */ = {isa = PBXFileReference; lastKnownFileType = sourcecode.swift; path = PageViewController.swift; sourceTree = "<group>"; };
		F8BF089520A81A0800A21883 /* Base */ = {isa = PBXFileReference; lastKnownFileType = file.storyboard; name = Base; path = Base.lproj/Main.storyboard; sourceTree = "<group>"; };
		F8BF089A20A81A0900A21883 /* Assets.xcassets */ = {isa = PBXFileReference; lastKnownFileType = folder.assetcatalog; path = Assets.xcassets; sourceTree = "<group>"; };
		F8BF089D20A81A0900A21883 /* Base */ = {isa = PBXFileReference; lastKnownFileType = file.storyboard; name = Base; path = Base.lproj/LaunchScreen.storyboard; sourceTree = "<group>"; };
		F8BF089F20A81A0900A21883 /* Info.plist */ = {isa = PBXFileReference; lastKnownFileType = text.plist.xml; path = Info.plist; sourceTree = "<group>"; };
		F8BF08A520A81B9000A21883 /* WeatherViewController.swift */ = {isa = PBXFileReference; lastKnownFileType = sourcecode.swift; path = WeatherViewController.swift; sourceTree = "<group>"; };
		F8BF08A720A8970000A21883 /* ForecastIO.framework */ = {isa = PBXFileReference; lastKnownFileType = wrapper.framework; name = ForecastIO.framework; path = Carthage/Build/iOS/ForecastIO.framework; sourceTree = "<group>"; };
		F8C1012E20C06D73002486F7 /* pl */ = {isa = PBXFileReference; lastKnownFileType = text.plist.strings; name = pl; path = pl.lproj/Main.strings; sourceTree = "<group>"; };
		F8C1012F20C06D73002486F7 /* pl */ = {isa = PBXFileReference; lastKnownFileType = text.plist.strings; name = pl; path = pl.lproj/LaunchScreen.strings; sourceTree = "<group>"; };
		F8D370A220DF734F00F1E3C4 /* IconsTableViewController.swift */ = {isa = PBXFileReference; lastKnownFileType = sourcecode.swift; path = IconsTableViewController.swift; sourceTree = "<group>"; };
		F8D370A420DF744100F1E3C4 /* IconsTableViewCell.swift */ = {isa = PBXFileReference; lastKnownFileType = sourcecode.swift; path = IconsTableViewCell.swift; sourceTree = "<group>"; };
		F8D370A720DF783700F1E3C4 /* UnitsTableViewController.swift */ = {isa = PBXFileReference; lastKnownFileType = sourcecode.swift; path = UnitsTableViewController.swift; sourceTree = "<group>"; };
		F8D370A920DF87F300F1E3C4 /* String.swift */ = {isa = PBXFileReference; lastKnownFileType = sourcecode.swift; path = String.swift; sourceTree = "<group>"; };
		F8D370AB20DF895700F1E3C4 /* UITableViewController.swift */ = {isa = PBXFileReference; lastKnownFileType = sourcecode.swift; path = UITableViewController.swift; sourceTree = "<group>"; };
		F8D604B220C15E0D0043D1FB /* DayStatisticsTableViewCell.swift */ = {isa = PBXFileReference; lastKnownFileType = sourcecode.swift; path = DayStatisticsTableViewCell.swift; sourceTree = "<group>"; };
		F8D604B520C1921A0043D1FB /* PlacesTableViewController.swift */ = {isa = PBXFileReference; lastKnownFileType = sourcecode.swift; path = PlacesTableViewController.swift; sourceTree = "<group>"; };
		F8D604B720C199C60043D1FB /* CityTableViewCell.swift */ = {isa = PBXFileReference; lastKnownFileType = sourcecode.swift; path = CityTableViewCell.swift; sourceTree = "<group>"; };
		F8D604B920C199D60043D1FB /* CitySettingsTableViewCell.swift */ = {isa = PBXFileReference; lastKnownFileType = sourcecode.swift; path = CitySettingsTableViewCell.swift; sourceTree = "<group>"; };
		F8E3120820DE32D000C5FBC4 /* DateFormatter.swift */ = {isa = PBXFileReference; lastKnownFileType = sourcecode.swift; path = DateFormatter.swift; sourceTree = "<group>"; };
		F8E526E420C58C6F0044AFE2 /* Image.swift */ = {isa = PBXFileReference; lastKnownFileType = sourcecode.swift; path = Image.swift; sourceTree = "<group>"; };
		F8E9B49F20C3B4B60067AC51 /* pl */ = {isa = PBXFileReference; lastKnownFileType = text.plist.strings; name = pl; path = pl.lproj/Localizable.strings; sourceTree = "<group>"; };
		F8E9B4A120C3B4CF0067AC51 /* Base */ = {isa = PBXFileReference; lastKnownFileType = text.plist.strings; name = Base; path = Base.lproj/Localizable.strings; sourceTree = "<group>"; };
		F8F87A4A20B92E470020CAFA /* WeatherItemTableViewCell.swift */ = {isa = PBXFileReference; lastKnownFileType = sourcecode.swift; path = WeatherItemTableViewCell.swift; sourceTree = "<group>"; };
		F8F87A4C20B936110020CAFA /* Double.swift */ = {isa = PBXFileReference; lastKnownFileType = sourcecode.swift; path = Double.swift; sourceTree = "<group>"; };
		F8F87A4E20BB05CD0020CAFA /* ForecastsTableViewController.swift */ = {isa = PBXFileReference; lastKnownFileType = sourcecode.swift; path = ForecastsTableViewController.swift; sourceTree = "<group>"; };
/* End PBXFileReference section */

/* Begin PBXFrameworksBuildPhase section */
		F8BF088A20A81A0800A21883 /* Frameworks */ = {
			isa = PBXFrameworksBuildPhase;
			buildActionMask = 2147483647;
			files = (
				F8BF08A820A8970000A21883 /* ForecastIO.framework in Frameworks */,
			);
			runOnlyForDeploymentPostprocessing = 0;
		};
/* End PBXFrameworksBuildPhase section */

/* Begin PBXGroup section */
		F8032D9320DEB6BA00D0AC22 /* Settings */ = {
			isa = PBXGroup;
			children = (
				F8032D9420DEB70300D0AC22 /* SettingsTableViewController.swift */,
			);
			path = Settings;
			sourceTree = "<group>";
		};
		F819D6E920C3046200F0B22C /* CoreData */ = {
			isa = PBXGroup;
			children = (
				F819D6E720C303C900F0B22C /* CoreDataHandler.swift */,
				F819D6EA20C3047B00F0B22C /* PlacesHandler.swift */,
				F84E264D20DF99A700359892 /* SettingsHandler.swift */,
			);
			path = CoreData;
			sourceTree = "<group>";
		};
		F819D6EE20C31DBE00F0B22C /* LoadingViewController */ = {
			isa = PBXGroup;
			children = (
				F819D6EF20C31DDF00F0B22C /* LoadingViewController.swift */,
				F819D6F120C3245D00F0B22C /* LocationFoundedDelegate.swift */,
			);
			path = LoadingViewController;
			sourceTree = "<group>";
		};
		F87CECD720C2E30000E80B5F /* SearchLocation */ = {
			isa = PBXGroup;
			children = (
				F87CECDA20C2E33000E80B5F /* SearchLocationTableViewController.swift */,
				F87CECD820C2E31600E80B5F /* SearchLocationTableViewCell.swift */,
			);
			path = SearchLocation;
			sourceTree = "<group>";
		};
		F8BF088420A81A0800A21883 = {
			isa = PBXGroup;
			children = (
				F8BF08A720A8970000A21883 /* ForecastIO.framework */,
				F8BF088F20A81A0800A21883 /* GreyClouds */,
				F8BF088E20A81A0800A21883 /* Products */,
			);
			sourceTree = "<group>";
		};
		F8BF088E20A81A0800A21883 /* Products */ = {
			isa = PBXGroup;
			children = (
				F8BF088D20A81A0800A21883 /* GreyClouds.app */,
			);
			name = Products;
			sourceTree = "<group>";
		};
		F8BF088F20A81A0800A21883 /* GreyClouds */ = {
			isa = PBXGroup;
			children = (
				F8D370A620DF77F400F1E3C4 /* Units */,
				F8D370A120DF733700F1E3C4 /* Icons */,
				F8032D9320DEB6BA00D0AC22 /* Settings */,
				F8E3120520DE2DE500C5FBC4 /* PageView */,
				F819D6EE20C31DBE00F0B22C /* LoadingViewController */,
				F819D6E920C3046200F0B22C /* CoreData */,
				F87CECD720C2E30000E80B5F /* SearchLocation */,
				F8D604B420C191FF0043D1FB /* Places */,
				F8D604B120C11DFB0043D1FB /* ForecastViews */,
				F8D604B020C11DDB0043D1FB /* WeatherViews */,
				F8D0B57120A9EF8100CDA229 /* Extensions */,
				F8BF089020A81A0800A21883 /* AppDelegate.swift */,
				F836B6E520C7047B00823887 /* ApperanceHandler.swift */,
				F8E526E420C58C6F0044AFE2 /* Image.swift */,
				F8BF089420A81A0800A21883 /* Main.storyboard */,
				F8BF089A20A81A0900A21883 /* Assets.xcassets */,
				F8BF089C20A81A0900A21883 /* LaunchScreen.storyboard */,
				F8BF089F20A81A0900A21883 /* Info.plist */,
				F819D6E420C300F800F0B22C /* GreyClouds.xcdatamodeld */,
				F8E9B4A020C3B4B60067AC51 /* Localizable.strings */,
			);
			path = GreyClouds;
			sourceTree = "<group>";
		};
		F8D0B57120A9EF8100CDA229 /* Extensions */ = {
			isa = PBXGroup;
			children = (
				F8BD66D320ADF53100114908 /* UIColor.swift */,
				F8F87A4C20B936110020CAFA /* Double.swift */,
				F8E3120820DE32D000C5FBC4 /* DateFormatter.swift */,
				F8D370A920DF87F300F1E3C4 /* String.swift */,
				F8D370AB20DF895700F1E3C4 /* UITableViewController.swift */,
			);
			path = Extensions;
			sourceTree = "<group>";
		};
		F8D370A120DF733700F1E3C4 /* Icons */ = {
			isa = PBXGroup;
			children = (
				F8D370A220DF734F00F1E3C4 /* IconsTableViewController.swift */,
				F8D370A420DF744100F1E3C4 /* IconsTableViewCell.swift */,
			);
			path = Icons;
			sourceTree = "<group>";
		};
		F8D370A620DF77F400F1E3C4 /* Units */ = {
			isa = PBXGroup;
			children = (
				F8D370A720DF783700F1E3C4 /* UnitsTableViewController.swift */,
			);
			path = Units;
			sourceTree = "<group>";
		};
		F8D604B020C11DDB0043D1FB /* WeatherViews */ = {
			isa = PBXGroup;
			children = (
				F8BF08A520A81B9000A21883 /* WeatherViewController.swift */,
				F8F87A4A20B92E470020CAFA /* WeatherItemTableViewCell.swift */,
			);
			path = WeatherViews;
			sourceTree = "<group>";
		};
		F8D604B120C11DFB0043D1FB /* ForecastViews */ = {
			isa = PBXGroup;
			children = (
				F8F87A4E20BB05CD0020CAFA /* ForecastsTableViewController.swift */,
				F810659420BC5F3000DCB6EE /* HourForecastTableViewCell.swift */,
				F810659620BC8DAE00DCB6EE /* DayDetailsTableViewCell.swift */,
				F8D604B220C15E0D0043D1FB /* DayStatisticsTableViewCell.swift */,
			);
			path = ForecastViews;
			sourceTree = "<group>";
		};
		F8D604B420C191FF0043D1FB /* Places */ = {
			isa = PBXGroup;
			children = (
				F8D604B520C1921A0043D1FB /* PlacesTableViewController.swift */,
				F8D604B720C199C60043D1FB /* CityTableViewCell.swift */,
				F8D604B920C199D60043D1FB /* CitySettingsTableViewCell.swift */,
				F819D6EC20C31A4000F0B22C /* ChangedPlacesDelegate.swift */,
			);
			path = Places;
			sourceTree = "<group>";
		};
		F8E3120520DE2DE500C5FBC4 /* PageView */ = {
			isa = PBXGroup;
			children = (
				F8BF089220A81A0800A21883 /* PageViewController.swift */,
			);
			path = PageView;
			sourceTree = "<group>";
		};
/* End PBXGroup section */

/* Begin PBXNativeTarget section */
		F8BF088C20A81A0800A21883 /* GreyClouds */ = {
			isa = PBXNativeTarget;
			buildConfigurationList = F8BF08A220A81A0900A21883 /* Build configuration list for PBXNativeTarget "GreyClouds" */;
			buildPhases = (
				F8BF088920A81A0800A21883 /* Sources */,
				F8BF088A20A81A0800A21883 /* Frameworks */,
				F8BF088B20A81A0800A21883 /* Resources */,
				F8BF08A920A8971500A21883 /* ShellScript */,
			);
			buildRules = (
			);
			dependencies = (
			);
			name = GreyClouds;
			productName = GreyClouds;
			productReference = F8BF088D20A81A0800A21883 /* GreyClouds.app */;
			productType = "com.apple.product-type.application";
		};
/* End PBXNativeTarget section */

/* Begin PBXProject section */
		F8BF088520A81A0800A21883 /* Project object */ = {
			isa = PBXProject;
			attributes = {
				LastSwiftUpdateCheck = 0930;
				LastUpgradeCheck = 0930;
				ORGANIZATIONNAME = "Marcin Czachurski";
				TargetAttributes = {
					F8BF088C20A81A0800A21883 = {
						CreatedOnToolsVersion = 9.3;
					};
				};
			};
			buildConfigurationList = F8BF088820A81A0800A21883 /* Build configuration list for PBXProject "GreyClouds" */;
			compatibilityVersion = "Xcode 9.3";
			developmentRegion = en;
			hasScannedForEncodings = 0;
			knownRegions = (
				en,
				Base,
			);
			mainGroup = F8BF088420A81A0800A21883;
			productRefGroup = F8BF088E20A81A0800A21883 /* Products */;
			projectDirPath = "";
			projectRoot = "";
			targets = (
				F8BF088C20A81A0800A21883 /* GreyClouds */,
			);
		};
/* End PBXProject section */

/* Begin PBXResourcesBuildPhase section */
		F8BF088B20A81A0800A21883 /* Resources */ = {
			isa = PBXResourcesBuildPhase;
			buildActionMask = 2147483647;
			files = (
				F8BF089E20A81A0900A21883 /* LaunchScreen.storyboard in Resources */,
				F8E9B49E20C3B4B60067AC51 /* Localizable.strings in Resources */,
				F8BF089B20A81A0900A21883 /* Assets.xcassets in Resources */,
				F8BF089620A81A0800A21883 /* Main.storyboard in Resources */,
			);
			runOnlyForDeploymentPostprocessing = 0;
		};
/* End PBXResourcesBuildPhase section */

/* Begin PBXShellScriptBuildPhase section */
		F8BF08A920A8971500A21883 /* ShellScript */ = {
			isa = PBXShellScriptBuildPhase;
			buildActionMask = 2147483647;
			files = (
			);
			inputPaths = (
				"$(SRCROOT)/Carthage/Build/iOS/ForecastIO.framework",
			);
			outputPaths = (
				"$(BUILT_PRODUCTS_DIR)/$(FRAMEWORKS_FOLDER_PATH)/ForecastIO.framework",
			);
			runOnlyForDeploymentPostprocessing = 0;
			shellPath = /bin/sh;
			shellScript = "/usr/local/bin/carthage copy-frameworks";
		};
/* End PBXShellScriptBuildPhase section */

/* Begin PBXSourcesBuildPhase section */
		F8BF088920A81A0800A21883 /* Sources */ = {
			isa = PBXSourcesBuildPhase;
			buildActionMask = 2147483647;
			files = (
				F8D370AA20DF87F300F1E3C4 /* String.swift in Sources */,
				F8E3120920DE32D000C5FBC4 /* DateFormatter.swift in Sources */,
				F819D6E620C300F800F0B22C /* GreyClouds.xcdatamodeld in Sources */,
				F8D370AC20DF895700F1E3C4 /* UITableViewController.swift in Sources */,
				F8BF089320A81A0800A21883 /* PageViewController.swift in Sources */,
				F8F87A4F20BB05CD0020CAFA /* ForecastsTableViewController.swift in Sources */,
				F810659720BC8DAE00DCB6EE /* DayDetailsTableViewCell.swift in Sources */,
				F819D6EB20C3047B00F0B22C /* PlacesHandler.swift in Sources */,
				F84E264E20DF99A700359892 /* SettingsHandler.swift in Sources */,
				F8D604B320C15E0D0043D1FB /* DayStatisticsTableViewCell.swift in Sources */,
				F819D6ED20C31A4000F0B22C /* ChangedPlacesDelegate.swift in Sources */,
				F8D370A520DF744100F1E3C4 /* IconsTableViewCell.swift in Sources */,
				F819D6F020C31DDF00F0B22C /* LoadingViewController.swift in Sources */,
				F8D604B620C1921A0043D1FB /* PlacesTableViewController.swift in Sources */,
				F8E526E520C58C6F0044AFE2 /* Image.swift in Sources */,
				F8032D9520DEB70300D0AC22 /* SettingsTableViewController.swift in Sources */,
				F8BD66D420ADF53100114908 /* UIColor.swift in Sources */,
				F836B6E620C7047B00823887 /* ApperanceHandler.swift in Sources */,
				F8D370A820DF783700F1E3C4 /* UnitsTableViewController.swift in Sources */,
				F8BF089120A81A0800A21883 /* AppDelegate.swift in Sources */,
				F87CECDB20C2E33000E80B5F /* SearchLocationTableViewController.swift in Sources */,
				F819D6F220C3245D00F0B22C /* LocationFoundedDelegate.swift in Sources */,
				F819D6E820C303C900F0B22C /* CoreDataHandler.swift in Sources */,
				F8D604B820C199C60043D1FB /* CityTableViewCell.swift in Sources */,
				F8BF08A620A81B9000A21883 /* WeatherViewController.swift in Sources */,
				F810659520BC5F3000DCB6EE /* HourForecastTableViewCell.swift in Sources */,
				F8F87A4D20B936110020CAFA /* Double.swift in Sources */,
				F8F87A4B20B92E470020CAFA /* WeatherItemTableViewCell.swift in Sources */,
				F87CECD920C2E31600E80B5F /* SearchLocationTableViewCell.swift in Sources */,
				F8D370A320DF734F00F1E3C4 /* IconsTableViewController.swift in Sources */,
				F8D604BA20C199D60043D1FB /* CitySettingsTableViewCell.swift in Sources */,
			);
			runOnlyForDeploymentPostprocessing = 0;
		};
/* End PBXSourcesBuildPhase section */

/* Begin PBXVariantGroup section */
		F8BF089420A81A0800A21883 /* Main.storyboard */ = {
			isa = PBXVariantGroup;
			children = (
				F8BF089520A81A0800A21883 /* Base */,
				F8C1012E20C06D73002486F7 /* pl */,
			);
			name = Main.storyboard;
			sourceTree = "<group>";
		};
		F8BF089C20A81A0900A21883 /* LaunchScreen.storyboard */ = {
			isa = PBXVariantGroup;
			children = (
				F8BF089D20A81A0900A21883 /* Base */,
				F8C1012F20C06D73002486F7 /* pl */,
			);
			name = LaunchScreen.storyboard;
			sourceTree = "<group>";
		};
		F8E9B4A020C3B4B60067AC51 /* Localizable.strings */ = {
			isa = PBXVariantGroup;
			children = (
				F8E9B49F20C3B4B60067AC51 /* pl */,
				F8E9B4A120C3B4CF0067AC51 /* Base */,
			);
			name = Localizable.strings;
			sourceTree = "<group>";
		};
/* End PBXVariantGroup section */

/* Begin XCBuildConfiguration section */
		F8BF08A020A81A0900A21883 /* Debug */ = {
			isa = XCBuildConfiguration;
			buildSettings = {
				ALWAYS_SEARCH_USER_PATHS = NO;
				CLANG_ANALYZER_LOCALIZABILITY_NONLOCALIZED = YES;
				CLANG_ANALYZER_NONNULL = YES;
				CLANG_ANALYZER_NUMBER_OBJECT_CONVERSION = YES_AGGRESSIVE;
				CLANG_CXX_LANGUAGE_STANDARD = "gnu++14";
				CLANG_CXX_LIBRARY = "libc++";
				CLANG_ENABLE_MODULES = YES;
				CLANG_ENABLE_OBJC_ARC = YES;
				CLANG_ENABLE_OBJC_WEAK = YES;
				CLANG_WARN_BLOCK_CAPTURE_AUTORELEASING = YES;
				CLANG_WARN_BOOL_CONVERSION = YES;
				CLANG_WARN_COMMA = YES;
				CLANG_WARN_CONSTANT_CONVERSION = YES;
				CLANG_WARN_DEPRECATED_OBJC_IMPLEMENTATIONS = YES;
				CLANG_WARN_DIRECT_OBJC_ISA_USAGE = YES_ERROR;
				CLANG_WARN_DOCUMENTATION_COMMENTS = YES;
				CLANG_WARN_EMPTY_BODY = YES;
				CLANG_WARN_ENUM_CONVERSION = YES;
				CLANG_WARN_INFINITE_RECURSION = YES;
				CLANG_WARN_INT_CONVERSION = YES;
				CLANG_WARN_NON_LITERAL_NULL_CONVERSION = YES;
				CLANG_WARN_OBJC_IMPLICIT_RETAIN_SELF = YES;
				CLANG_WARN_OBJC_LITERAL_CONVERSION = YES;
				CLANG_WARN_OBJC_ROOT_CLASS = YES_ERROR;
				CLANG_WARN_RANGE_LOOP_ANALYSIS = YES;
				CLANG_WARN_STRICT_PROTOTYPES = YES;
				CLANG_WARN_SUSPICIOUS_MOVE = YES;
				CLANG_WARN_UNGUARDED_AVAILABILITY = YES_AGGRESSIVE;
				CLANG_WARN_UNREACHABLE_CODE = YES;
				CLANG_WARN__DUPLICATE_METHOD_MATCH = YES;
				CODE_SIGN_IDENTITY = "iPhone Developer";
				COPY_PHASE_STRIP = NO;
				DEBUG_INFORMATION_FORMAT = dwarf;
				ENABLE_STRICT_OBJC_MSGSEND = YES;
				ENABLE_TESTABILITY = YES;
				GCC_C_LANGUAGE_STANDARD = gnu11;
				GCC_DYNAMIC_NO_PIC = NO;
				GCC_NO_COMMON_BLOCKS = YES;
				GCC_OPTIMIZATION_LEVEL = 0;
				GCC_PREPROCESSOR_DEFINITIONS = (
					"DEBUG=1",
					"$(inherited)",
				);
				GCC_WARN_64_TO_32_BIT_CONVERSION = YES;
				GCC_WARN_ABOUT_RETURN_TYPE = YES_ERROR;
				GCC_WARN_UNDECLARED_SELECTOR = YES;
				GCC_WARN_UNINITIALIZED_AUTOS = YES_AGGRESSIVE;
				GCC_WARN_UNUSED_FUNCTION = YES;
				GCC_WARN_UNUSED_VARIABLE = YES;
				IPHONEOS_DEPLOYMENT_TARGET = 11.3;
				MTL_ENABLE_DEBUG_INFO = YES;
				ONLY_ACTIVE_ARCH = YES;
				SDKROOT = iphoneos;
				SWIFT_ACTIVE_COMPILATION_CONDITIONS = DEBUG;
				SWIFT_OPTIMIZATION_LEVEL = "-Onone";
			};
			name = Debug;
		};
		F8BF08A120A81A0900A21883 /* Release */ = {
			isa = XCBuildConfiguration;
			buildSettings = {
				ALWAYS_SEARCH_USER_PATHS = NO;
				CLANG_ANALYZER_LOCALIZABILITY_NONLOCALIZED = YES;
				CLANG_ANALYZER_NONNULL = YES;
				CLANG_ANALYZER_NUMBER_OBJECT_CONVERSION = YES_AGGRESSIVE;
				CLANG_CXX_LANGUAGE_STANDARD = "gnu++14";
				CLANG_CXX_LIBRARY = "libc++";
				CLANG_ENABLE_MODULES = YES;
				CLANG_ENABLE_OBJC_ARC = YES;
				CLANG_ENABLE_OBJC_WEAK = YES;
				CLANG_WARN_BLOCK_CAPTURE_AUTORELEASING = YES;
				CLANG_WARN_BOOL_CONVERSION = YES;
				CLANG_WARN_COMMA = YES;
				CLANG_WARN_CONSTANT_CONVERSION = YES;
				CLANG_WARN_DEPRECATED_OBJC_IMPLEMENTATIONS = YES;
				CLANG_WARN_DIRECT_OBJC_ISA_USAGE = YES_ERROR;
				CLANG_WARN_DOCUMENTATION_COMMENTS = YES;
				CLANG_WARN_EMPTY_BODY = YES;
				CLANG_WARN_ENUM_CONVERSION = YES;
				CLANG_WARN_INFINITE_RECURSION = YES;
				CLANG_WARN_INT_CONVERSION = YES;
				CLANG_WARN_NON_LITERAL_NULL_CONVERSION = YES;
				CLANG_WARN_OBJC_IMPLICIT_RETAIN_SELF = YES;
				CLANG_WARN_OBJC_LITERAL_CONVERSION = YES;
				CLANG_WARN_OBJC_ROOT_CLASS = YES_ERROR;
				CLANG_WARN_RANGE_LOOP_ANALYSIS = YES;
				CLANG_WARN_STRICT_PROTOTYPES = YES;
				CLANG_WARN_SUSPICIOUS_MOVE = YES;
				CLANG_WARN_UNGUARDED_AVAILABILITY = YES_AGGRESSIVE;
				CLANG_WARN_UNREACHABLE_CODE = YES;
				CLANG_WARN__DUPLICATE_METHOD_MATCH = YES;
				CODE_SIGN_IDENTITY = "iPhone Developer";
				COPY_PHASE_STRIP = NO;
				DEBUG_INFORMATION_FORMAT = "dwarf-with-dsym";
				ENABLE_NS_ASSERTIONS = NO;
				ENABLE_STRICT_OBJC_MSGSEND = YES;
				GCC_C_LANGUAGE_STANDARD = gnu11;
				GCC_NO_COMMON_BLOCKS = YES;
				GCC_WARN_64_TO_32_BIT_CONVERSION = YES;
				GCC_WARN_ABOUT_RETURN_TYPE = YES_ERROR;
				GCC_WARN_UNDECLARED_SELECTOR = YES;
				GCC_WARN_UNINITIALIZED_AUTOS = YES_AGGRESSIVE;
				GCC_WARN_UNUSED_FUNCTION = YES;
				GCC_WARN_UNUSED_VARIABLE = YES;
				IPHONEOS_DEPLOYMENT_TARGET = 11.3;
				MTL_ENABLE_DEBUG_INFO = NO;
				SDKROOT = iphoneos;
				SWIFT_COMPILATION_MODE = wholemodule;
				SWIFT_OPTIMIZATION_LEVEL = "-O";
				VALIDATE_PRODUCT = YES;
			};
			name = Release;
		};
		F8BF08A320A81A0900A21883 /* Debug */ = {
			isa = XCBuildConfiguration;
			buildSettings = {
				ASSETCATALOG_COMPILER_APPICON_NAME = AppIcon;
				CODE_SIGN_STYLE = Automatic;
				DEVELOPMENT_TEAM = 5UJ67W372Y;
				FRAMEWORK_SEARCH_PATHS = (
					"$(inherited)",
					"$(PROJECT_DIR)/Carthage/Build/iOS",
				);
				INFOPLIST_FILE = GreyClouds/Info.plist;
				LD_RUNPATH_SEARCH_PATHS = (
					"$(inherited)",
					"@executable_path/Frameworks",
				);
				PRODUCT_BUNDLE_IDENTIFIER = net.sltch.clearsky;
				PRODUCT_NAME = "$(TARGET_NAME)";
				SWIFT_VERSION = 4.0;
				TARGETED_DEVICE_FAMILY = 1;
			};
			name = Debug;
		};
		F8BF08A420A81A0900A21883 /* Release */ = {
			isa = XCBuildConfiguration;
			buildSettings = {
				ASSETCATALOG_COMPILER_APPICON_NAME = AppIcon;
				CODE_SIGN_STYLE = Automatic;
				DEVELOPMENT_TEAM = 5UJ67W372Y;
				FRAMEWORK_SEARCH_PATHS = (
					"$(inherited)",
					"$(PROJECT_DIR)/Carthage/Build/iOS",
				);
				INFOPLIST_FILE = GreyClouds/Info.plist;
				LD_RUNPATH_SEARCH_PATHS = (
					"$(inherited)",
					"@executable_path/Frameworks",
				);
				PRODUCT_BUNDLE_IDENTIFIER = net.sltch.clearsky;
				PRODUCT_NAME = "$(TARGET_NAME)";
				SWIFT_VERSION = 4.0;
				TARGETED_DEVICE_FAMILY = 1;
			};
			name = Release;
		};
/* End XCBuildConfiguration section */

/* Begin XCConfigurationList section */
		F8BF088820A81A0800A21883 /* Build configuration list for PBXProject "GreyClouds" */ = {
			isa = XCConfigurationList;
			buildConfigurations = (
				F8BF08A020A81A0900A21883 /* Debug */,
				F8BF08A120A81A0900A21883 /* Release */,
			);
			defaultConfigurationIsVisible = 0;
			defaultConfigurationName = Release;
		};
		F8BF08A220A81A0900A21883 /* Build configuration list for PBXNativeTarget "GreyClouds" */ = {
			isa = XCConfigurationList;
			buildConfigurations = (
				F8BF08A320A81A0900A21883 /* Debug */,
				F8BF08A420A81A0900A21883 /* Release */,
			);
			defaultConfigurationIsVisible = 0;
			defaultConfigurationName = Release;
		};
/* End XCConfigurationList section */

/* Begin XCVersionGroup section */
		F819D6E420C300F800F0B22C /* GreyClouds.xcdatamodeld */ = {
			isa = XCVersionGroup;
			children = (
				F819D6E520C300F800F0B22C /* GreyClouds.xcdatamodel */,
			);
			currentVersion = F819D6E520C300F800F0B22C /* GreyClouds.xcdatamodel */;
			path = GreyClouds.xcdatamodeld;
			sourceTree = "<group>";
			versionGroupType = wrapper.xcdatamodel;
		};
/* End XCVersionGroup section */
	};
	rootObject = F8BF088520A81A0800A21883 /* Project object */;
}
